
Microsoft Visual Studio Solution File, Format Version 12.00
# Visual Studio 14
VisualStudioVersion = 14.0.23107.0
MinimumVisualStudioVersion = 10.0.40219.1
Project("{8BC9CEB8-8B4A-11D0-8D11-00A0C91BC942}") = "GreyHat", "GreyHat\greyhat.vcxproj", "{4E7551F8-1206-4BD3-AD08-ADAFFCEFD94B}"
EndProject
Project("{8BC9CEB8-8B4A-11D0-8D11-00A0C91BC942}") = "Plugin", "Plugin\Plugin.vcxproj", "{5AC91B44-0117-4EFD-B9DD-2FAABBFB178E}"
EndProject
Global
	GlobalSection(SolutionConfigurationPlatforms) = preSolution
		Check|Win32 = Check|Win32
		Debug|Win32 = Debug|Win32
		Release|Win32 = Release|Win32
	EndGlobalSection
	GlobalSection(ProjectConfigurationPlatforms) = postSolution
		{4E7551F8-1206-4BD3-AD08-ADAFFCEFD94B}.Check|Win32.ActiveCfg = Check|Win32
		{4E7551F8-1206-4BD3-AD08-ADAFFCEFD94B}.Check|Win32.Build.0 = Check|Win32
		{4E7551F8-1206-4BD3-AD08-ADAFFCEFD94B}.Debug|Win32.ActiveCfg = Debug|Win32
		{4E7551F8-1206-4BD3-AD08-ADAFFCEFD94B}.Debug|Win32.Build.0 = Debug|Win32
		{4E7551F8-1206-4BD3-AD08-ADAFFCEFD94B}.Release|Win32.ActiveCfg = Release|Win32
		{4E7551F8-1206-4BD3-AD08-ADAFFCEFD94B}.Release|Win32.Build.0 = Release|Win32
		{5AC91B44-0117-4EFD-B9DD-2FAABBFB178E}.Check|Win32.ActiveCfg = Check|Win32
		{5AC91B44-0117-4EFD-B9DD-2FAABBFB178E}.Check|Win32.Build.0 = Check|Win32
		{5AC91B44-0117-4EFD-B9DD-2FAABBFB178E}.Debug|Win32.ActiveCfg = Debug|Win32
		{5AC91B44-0117-4EFD-B9DD-2FAABBFB178E}.Debug|Win32.Build.0 = Debug|Win32
		{5AC91B44-0117-4EFD-B9DD-2FAABBFB178E}.Release|Win32.ActiveCfg = Release|Win32
		{5AC91B44-0117-4EFD-B9DD-2FAABBFB178E}.Release|Win32.Build.0 = Release|Win32
	EndGlobalSection
	GlobalSection(SolutionProperties) = preSolution
		HideSolutionNode = FALSE
	EndGlobalSection
EndGlobal
