
Microsoft Visual Studio Solution File, Format Version 12.00
# Visual Studio 14
VisualStudioVersion = 14.0.23107.0
MinimumVisualStudioVersion = 10.0.40219.1
Project("{8BC9CEB8-8B4A-11D0-8D11-00A0C91BC942}") = "antipro", "antiprotect\antiprotect.vcxproj", "{F44ADC9C-C780-44CA-80B5-6C42BDD90A3F}"
EndProject
Project("{8BC9CEB8-8B4A-11D0-8D11-00A0C91BC942}") = "patch", "patch\patch.vcxproj", "{D6C82442-A4F5-4941-83AF-EF3056F47B49}"
EndProject
Project("{8BC9CEB8-8B4A-11D0-8D11-00A0C91BC942}") = "send", "send\send.vcxproj", "{F4A8AC78-83D6-4A7E-B75A-84146C6EB517}"
EndProject
Project("{8BC9CEB8-8B4A-11D0-8D11-00A0C91BC942}") = "GreyHat", "GreyHat\greyhat.vcxproj", "{4E7551F8-1206-4BD3-AD08-ADAFFCEFD94B}"
EndProject
Project("{8BC9CEB8-8B4A-11D0-8D11-00A0C91BC942}") = "PathOfExile", "PathOfExile\PathOfExile.vcxproj", "{A5EB1F4A-5BDD-4F6F-AC8F-84D78914DE83}"
EndProject
Project("{8BC9CEB8-8B4A-11D0-8D11-00A0C91BC942}") = "hijack", "hijack\hijack.vcxproj", "{1EA7A52D-FCBD-4554-B7DF-7C53CD7BB6D2}"
EndProject
Project("{8BC9CEB8-8B4A-11D0-8D11-00A0C91BC942}") = "Devilian", "Devilian\Devilian.vcxproj", "{F9AD6198-B74E-4DE6-9258-F24E17568484}"
EndProject
Project("{8BC9CEB8-8B4A-11D0-8D11-00A0C91BC942}") = "热血江湖", "热血江湖\热血江湖.vcxproj", "{425EB97F-545A-40A1-9A37-9BFAF48F9BCE}"
EndProject
Project("{8BC9CEB8-8B4A-11D0-8D11-00A0C91BC942}") = "龙武", "龙武\龙武.vcxproj", "{0EE7564D-9E1C-48AC-9FD3-59D96408AE0B}"
EndProject
Project("{8BC9CEB8-8B4A-11D0-8D11-00A0C91BC942}") = "AntiHs", "AntiHs\AntiHs.vcxproj", "{D3D5D487-1796-4A99-8886-5C3693BE5C28}"
EndProject
Project("{8BC9CEB8-8B4A-11D0-8D11-00A0C91BC942}") = "InjectorEx", "InjectorEx\InjectorEx.vcxproj", "{780DF792-AE91-4E4F-A94F-7246379B6EDF}"
EndProject
Project("{8BC9CEB8-8B4A-11D0-8D11-00A0C91BC942}") = "Injector", "Injector\Injector.vcxproj", "{F7CD6AC4-18F0-4785-A76E-A3A421863CA0}"
EndProject
Project("{8BC9CEB8-8B4A-11D0-8D11-00A0C91BC942}") = "剑3", "剑3\剑3.vcxproj", "{0D7069CE-8965-457B-8BB3-B9412C38C152}"
EndProject
Project("{8BC9CEB8-8B4A-11D0-8D11-00A0C91BC942}") = "QueensBlade", "QueensBlade\QueensBlade.vcxproj", "{90AEC58C-113A-49D8-97C1-8D84401DB086}"
EndProject
Project("{8BC9CEB8-8B4A-11D0-8D11-00A0C91BC942}") = "yyb", "yyb\yyb.vcxproj", "{48A6515D-3694-4842-B1F5-1D0020066EDC}"
EndProject
Global
	GlobalSection(SolutionConfigurationPlatforms) = preSolution
		Check|Win32 = Check|Win32
		Debug|Win32 = Debug|Win32
		Release|Win32 = Release|Win32
	EndGlobalSection
	GlobalSection(ProjectConfigurationPlatforms) = postSolution
		{F44ADC9C-C780-44CA-80B5-6C42BDD90A3F}.Check|Win32.ActiveCfg = Check|Win32
		{F44ADC9C-C780-44CA-80B5-6C42BDD90A3F}.Check|Win32.Build.0 = Check|Win32
		{F44ADC9C-C780-44CA-80B5-6C42BDD90A3F}.Debug|Win32.ActiveCfg = Debug|Win32
		{F44ADC9C-C780-44CA-80B5-6C42BDD90A3F}.Debug|Win32.Build.0 = Debug|Win32
		{F44ADC9C-C780-44CA-80B5-6C42BDD90A3F}.Release|Win32.ActiveCfg = Release|Win32
		{F44ADC9C-C780-44CA-80B5-6C42BDD90A3F}.Release|Win32.Build.0 = Release|Win32
		{D6C82442-A4F5-4941-83AF-EF3056F47B49}.Check|Win32.ActiveCfg = Release|Win32
		{D6C82442-A4F5-4941-83AF-EF3056F47B49}.Check|Win32.Build.0 = Release|Win32
		{D6C82442-A4F5-4941-83AF-EF3056F47B49}.Debug|Win32.ActiveCfg = Debug|Win32
		{D6C82442-A4F5-4941-83AF-EF3056F47B49}.Debug|Win32.Build.0 = Debug|Win32
		{D6C82442-A4F5-4941-83AF-EF3056F47B49}.Release|Win32.ActiveCfg = Release|Win32
		{D6C82442-A4F5-4941-83AF-EF3056F47B49}.Release|Win32.Build.0 = Release|Win32
		{F4A8AC78-83D6-4A7E-B75A-84146C6EB517}.Check|Win32.ActiveCfg = Check|Win32
		{F4A8AC78-83D6-4A7E-B75A-84146C6EB517}.Check|Win32.Build.0 = Check|Win32
		{F4A8AC78-83D6-4A7E-B75A-84146C6EB517}.Debug|Win32.ActiveCfg = Debug|Win32
		{F4A8AC78-83D6-4A7E-B75A-84146C6EB517}.Debug|Win32.Build.0 = Debug|Win32
		{F4A8AC78-83D6-4A7E-B75A-84146C6EB517}.Release|Win32.ActiveCfg = Release|Win32
		{F4A8AC78-83D6-4A7E-B75A-84146C6EB517}.Release|Win32.Build.0 = Release|Win32
		{4E7551F8-1206-4BD3-AD08-ADAFFCEFD94B}.Check|Win32.ActiveCfg = Check|Win32
		{4E7551F8-1206-4BD3-AD08-ADAFFCEFD94B}.Check|Win32.Build.0 = Check|Win32
		{4E7551F8-1206-4BD3-AD08-ADAFFCEFD94B}.Debug|Win32.ActiveCfg = Debug|Win32
		{4E7551F8-1206-4BD3-AD08-ADAFFCEFD94B}.Debug|Win32.Build.0 = Debug|Win32
		{4E7551F8-1206-4BD3-AD08-ADAFFCEFD94B}.Release|Win32.ActiveCfg = Release|Win32
		{4E7551F8-1206-4BD3-AD08-ADAFFCEFD94B}.Release|Win32.Build.0 = Release|Win32
		{A5EB1F4A-5BDD-4F6F-AC8F-84D78914DE83}.Check|Win32.ActiveCfg = Release|Win32
		{A5EB1F4A-5BDD-4F6F-AC8F-84D78914DE83}.Check|Win32.Build.0 = Release|Win32
		{A5EB1F4A-5BDD-4F6F-AC8F-84D78914DE83}.Debug|Win32.ActiveCfg = Debug|Win32
		{A5EB1F4A-5BDD-4F6F-AC8F-84D78914DE83}.Debug|Win32.Build.0 = Debug|Win32
		{A5EB1F4A-5BDD-4F6F-AC8F-84D78914DE83}.Release|Win32.ActiveCfg = Release|Win32
		{A5EB1F4A-5BDD-4F6F-AC8F-84D78914DE83}.Release|Win32.Build.0 = Release|Win32
		{1EA7A52D-FCBD-4554-B7DF-7C53CD7BB6D2}.Check|Win32.ActiveCfg = Check|Win32
		{1EA7A52D-FCBD-4554-B7DF-7C53CD7BB6D2}.Check|Win32.Build.0 = Check|Win32
		{1EA7A52D-FCBD-4554-B7DF-7C53CD7BB6D2}.Debug|Win32.ActiveCfg = Debug|Win32
		{1EA7A52D-FCBD-4554-B7DF-7C53CD7BB6D2}.Debug|Win32.Build.0 = Debug|Win32
		{1EA7A52D-FCBD-4554-B7DF-7C53CD7BB6D2}.Release|Win32.ActiveCfg = Release|Win32
		{1EA7A52D-FCBD-4554-B7DF-7C53CD7BB6D2}.Release|Win32.Build.0 = Release|Win32
		{F9AD6198-B74E-4DE6-9258-F24E17568484}.Check|Win32.ActiveCfg = Release|Win32
		{F9AD6198-B74E-4DE6-9258-F24E17568484}.Check|Win32.Build.0 = Release|Win32
		{F9AD6198-B74E-4DE6-9258-F24E17568484}.Debug|Win32.ActiveCfg = Debug|Win32
		{F9AD6198-B74E-4DE6-9258-F24E17568484}.Debug|Win32.Build.0 = Debug|Win32
		{F9AD6198-B74E-4DE6-9258-F24E17568484}.Release|Win32.ActiveCfg = Release|Win32
		{F9AD6198-B74E-4DE6-9258-F24E17568484}.Release|Win32.Build.0 = Release|Win32
		{425EB97F-545A-40A1-9A37-9BFAF48F9BCE}.Check|Win32.ActiveCfg = Release|Win32
		{425EB97F-545A-40A1-9A37-9BFAF48F9BCE}.Check|Win32.Build.0 = Release|Win32
		{425EB97F-545A-40A1-9A37-9BFAF48F9BCE}.Debug|Win32.ActiveCfg = Debug|Win32
		{425EB97F-545A-40A1-9A37-9BFAF48F9BCE}.Debug|Win32.Build.0 = Debug|Win32
		{425EB97F-545A-40A1-9A37-9BFAF48F9BCE}.Release|Win32.ActiveCfg = Release|Win32
		{425EB97F-545A-40A1-9A37-9BFAF48F9BCE}.Release|Win32.Build.0 = Release|Win32
		{0EE7564D-9E1C-48AC-9FD3-59D96408AE0B}.Check|Win32.ActiveCfg = Release|Win32
		{0EE7564D-9E1C-48AC-9FD3-59D96408AE0B}.Check|Win32.Build.0 = Release|Win32
		{0EE7564D-9E1C-48AC-9FD3-59D96408AE0B}.Debug|Win32.ActiveCfg = Debug|Win32
		{0EE7564D-9E1C-48AC-9FD3-59D96408AE0B}.Debug|Win32.Build.0 = Debug|Win32
		{0EE7564D-9E1C-48AC-9FD3-59D96408AE0B}.Release|Win32.ActiveCfg = Release|Win32
		{0EE7564D-9E1C-48AC-9FD3-59D96408AE0B}.Release|Win32.Build.0 = Release|Win32
		{D3D5D487-1796-4A99-8886-5C3693BE5C28}.Check|Win32.ActiveCfg = Release|Win32
		{D3D5D487-1796-4A99-8886-5C3693BE5C28}.Check|Win32.Build.0 = Release|Win32
		{D3D5D487-1796-4A99-8886-5C3693BE5C28}.Debug|Win32.ActiveCfg = Debug|Win32
		{D3D5D487-1796-4A99-8886-5C3693BE5C28}.Debug|Win32.Build.0 = Debug|Win32
		{D3D5D487-1796-4A99-8886-5C3693BE5C28}.Release|Win32.ActiveCfg = Release|Win32
		{D3D5D487-1796-4A99-8886-5C3693BE5C28}.Release|Win32.Build.0 = Release|Win32
		{780DF792-AE91-4E4F-A94F-7246379B6EDF}.Check|Win32.ActiveCfg = Release|Win32
		{780DF792-AE91-4E4F-A94F-7246379B6EDF}.Check|Win32.Build.0 = Release|Win32
		{780DF792-AE91-4E4F-A94F-7246379B6EDF}.Debug|Win32.ActiveCfg = Debug|Win32
		{780DF792-AE91-4E4F-A94F-7246379B6EDF}.Debug|Win32.Build.0 = Debug|Win32
		{780DF792-AE91-4E4F-A94F-7246379B6EDF}.Release|Win32.ActiveCfg = Release|Win32
		{780DF792-AE91-4E4F-A94F-7246379B6EDF}.Release|Win32.Build.0 = Release|Win32
		{F7CD6AC4-18F0-4785-A76E-A3A421863CA0}.Check|Win32.ActiveCfg = Check|Win32
		{F7CD6AC4-18F0-4785-A76E-A3A421863CA0}.Check|Win32.Build.0 = Check|Win32
		{F7CD6AC4-18F0-4785-A76E-A3A421863CA0}.Debug|Win32.ActiveCfg = Debug|Win32
		{F7CD6AC4-18F0-4785-A76E-A3A421863CA0}.Debug|Win32.Build.0 = Debug|Win32
		{F7CD6AC4-18F0-4785-A76E-A3A421863CA0}.Release|Win32.ActiveCfg = Release|Win32
		{F7CD6AC4-18F0-4785-A76E-A3A421863CA0}.Release|Win32.Build.0 = Release|Win32
		{0D7069CE-8965-457B-8BB3-B9412C38C152}.Check|Win32.ActiveCfg = Release|Win32
		{0D7069CE-8965-457B-8BB3-B9412C38C152}.Check|Win32.Build.0 = Release|Win32
		{0D7069CE-8965-457B-8BB3-B9412C38C152}.Debug|Win32.ActiveCfg = Debug|Win32
		{0D7069CE-8965-457B-8BB3-B9412C38C152}.Debug|Win32.Build.0 = Debug|Win32
		{0D7069CE-8965-457B-8BB3-B9412C38C152}.Release|Win32.ActiveCfg = Release|Win32
		{0D7069CE-8965-457B-8BB3-B9412C38C152}.Release|Win32.Build.0 = Release|Win32
		{90AEC58C-113A-49D8-97C1-8D84401DB086}.Check|Win32.ActiveCfg = Check|Win32
		{90AEC58C-113A-49D8-97C1-8D84401DB086}.Check|Win32.Build.0 = Check|Win32
		{90AEC58C-113A-49D8-97C1-8D84401DB086}.Debug|Win32.ActiveCfg = Debug|Win32
		{90AEC58C-113A-49D8-97C1-8D84401DB086}.Debug|Win32.Build.0 = Debug|Win32
		{90AEC58C-113A-49D8-97C1-8D84401DB086}.Release|Win32.ActiveCfg = Release|Win32
		{90AEC58C-113A-49D8-97C1-8D84401DB086}.Release|Win32.Build.0 = Release|Win32
		{48A6515D-3694-4842-B1F5-1D0020066EDC}.Check|Win32.ActiveCfg = Release|Win32
		{48A6515D-3694-4842-B1F5-1D0020066EDC}.Check|Win32.Build.0 = Release|Win32
		{48A6515D-3694-4842-B1F5-1D0020066EDC}.Debug|Win32.ActiveCfg = Debug|Win32
		{48A6515D-3694-4842-B1F5-1D0020066EDC}.Debug|Win32.Build.0 = Debug|Win32
		{48A6515D-3694-4842-B1F5-1D0020066EDC}.Release|Win32.ActiveCfg = Release|Win32
		{48A6515D-3694-4842-B1F5-1D0020066EDC}.Release|Win32.Build.0 = Release|Win32
	EndGlobalSection
	GlobalSection(SolutionProperties) = preSolution
		HideSolutionNode = FALSE
	EndGlobalSection
EndGlobal
