<?xml version="1.0" encoding="utf-8"?>
<Project ToolsVersion="4.0" xmlns="http://schemas.microsoft.com/developer/msbuild/2003">
  <ItemGroup>
    <Filter Include="Source Files">
      <UniqueIdentifier>{4FC737F1-C7A5-4376-A066-2A32D752A2FF}</UniqueIdentifier>
      <Extensions>cpp;c;cc;cxx;def;odl;idl;hpj;bat;asm;asmx</Extensions>
    </Filter>
    <Filter Include="Header Files">
      <UniqueIdentifier>{93995380-89BD-4b04-88EB-625FBE52EBFB}</UniqueIdentifier>
      <Extensions>h;hpp;hxx;hm;inl;inc;xsd</Extensions>
    </Filter>
    <Filter Include="Resource Files">
      <UniqueIdentifier>{67DA6AB6-F800-4c08-8B7A-83BB121AAD01}</UniqueIdentifier>
      <Extensions>rc;ico;cur;bmp;dlg;rc2;rct;bin;rgs;gif;jpg;jpeg;jpe;resx;tiff;tif;png;wav</Extensions>
    </Filter>
    <Filter Include="common">
      <UniqueIdentifier>{284b9293-90d1-4e1a-83f8-d59185ce19ce}</UniqueIdentifier>
    </Filter>
  </ItemGroup>
  <ItemGroup>
    <ClCompile Include="ctrl.cpp">
      <Filter>Source Files</Filter>
    </ClCompile>
    <ClCompile Include="filterpage.cpp">
      <Filter>Source Files</Filter>
    </ClCompile>
    <ClCompile Include="greyhat.cpp">
      <Filter>Source Files</Filter>
    </ClCompile>
    <ClCompile Include="hexedit.cpp">
      <Filter>Source Files</Filter>
    </ClCompile>
    <ClCompile Include="hexeditdlg.cpp">
      <Filter>Source Files</Filter>
    </ClCompile>
    <ClCompile Include="sendpage.cpp">
      <Filter>Source Files</Filter>
    </ClCompile>
    <ClCompile Include="stdafx.cpp">
      <Filter>Source Files</Filter>
    </ClCompile>
    <ClCompile Include="viewpage.cpp">
      <Filter>Source Files</Filter>
    </ClCompile>
    <ClCompile Include="..\common\misc\utility.cpp">
      <Filter>common</Filter>
    </ClCompile>
    <ClCompile Include="..\common\misc\GPacket.cpp">
      <Filter>common</Filter>
    </ClCompile>
    <ClCompile Include="PluginWrap.cpp">
      <Filter>Source Files</Filter>
    </ClCompile>
    <ClCompile Include="RuntimeContext.cpp">
      <Filter>Source Files</Filter>
    </ClCompile>
  </ItemGroup>
  <ItemGroup>
    <ClInclude Include="ctrl.h">
      <Filter>Header Files</Filter>
    </ClInclude>
    <ClInclude Include="filterpage.h">
      <Filter>Header Files</Filter>
    </ClInclude>
    <ClInclude Include="greyhat.h">
      <Filter>Header Files</Filter>
    </ClInclude>
    <ClInclude Include="hexedit.h">
      <Filter>Header Files</Filter>
    </ClInclude>
    <ClInclude Include="hexeditdlg.h">
      <Filter>Header Files</Filter>
    </ClInclude>
    <ClInclude Include="resource.h">
      <Filter>Header Files</Filter>
    </ClInclude>
    <ClInclude Include="sendpage.h">
      <Filter>Header Files</Filter>
    </ClInclude>
    <ClInclude Include="stdafx.h">
      <Filter>Header Files</Filter>
    </ClInclude>
    <ClInclude Include="viewpage.h">
      <Filter>Header Files</Filter>
    </ClInclude>
    <ClInclude Include="..\common\misc\utility.h">
      <Filter>common</Filter>
    </ClInclude>
    <ClInclude Include="..\common\misc\GPacket.h">
      <Filter>common</Filter>
    </ClInclude>
    <ClInclude Include="PluginWrap.h">
      <Filter>Header Files</Filter>
    </ClInclude>
    <ClInclude Include="RuntimeContext.h">
      <Filter>Header Files</Filter>
    </ClInclude>
  </ItemGroup>
  <ItemGroup>
    <Image Include="res\300.ico">
      <Filter>Resource Files</Filter>
    </Image>
  </ItemGroup>
  <ItemGroup>
    <ResourceCompile Include="GreyHat.rc">
      <Filter>Resource Files</Filter>
    </ResourceCompile>
  </ItemGroup>
  <ItemGroup>
    <Text Include="ReadMe.txt" />
  </ItemGroup>
</Project>